
Microsoft Visual Studio Solution File, Format Version 12.00
# Visual Studio Version 16
VisualStudioVersion = 16.0.29326.143
MinimumVisualStudioVersion = 10.0.40219.1
Project("{9A19103F-16F7-4668-BE54-9A1E7A4F7556}") = "DockerizeTaskManagementApi", "DockerizeTaskManagementApi\DockerizeTaskManagementApi.csproj", "{A773BED1-ACA4-4FB1-BA19-373A3007AD2B}"
EndProject
Global
	GlobalSection(SolutionConfigurationPlatforms) = preSolution
		Debug|Any CPU = Debug|Any CPU
		Release|Any CPU = Release|Any CPU
	EndGlobalSection
	GlobalSection(ProjectConfigurationPlatforms) = postSolution
		{A773BED1-ACA4-4FB1-BA19-373A3007AD2B}.Debug|Any CPU.ActiveCfg = Debug|Any CPU
		{A773BED1-ACA4-4FB1-BA19-373A3007AD2B}.Debug|Any CPU.Build.0 = Debug|Any CPU
		{A773BED1-ACA4-4FB1-BA19-373A3007AD2B}.Release|Any CPU.ActiveCfg = Release|Any CPU
		{A773BED1-ACA4-4FB1-BA19-373A3007AD2B}.Release|Any CPU.Build.0 = Release|Any CPU
	EndGlobalSection
	GlobalSection(SolutionProperties) = preSolution
		HideSolutionNode = FALSE
	EndGlobalSection
	GlobalSection(ExtensibilityGlobals) = postSolution
		SolutionGuid = {F87178BE-B3E0-4954-A1A0-6127F709698E}
	EndGlobalSection
EndGlobal
